
Microsoft Visual Studio Solution File, Format Version 12.00
# Visual Studio 2015
Project("{FAE04EC0-301F-11D3-BF4B-00C04F79EFBC}") = "Vortal.CSharp.Plugins", "Vortal.CSharp.Plugins.csproj", "{68B86709-0BEF-A894-E2B5-6D3720F4798C}"
EndProject
Project("{FAE04EC0-301F-11D3-BF4B-00C04F79EFBC}") = "Vortal.CSharp", "Vortal.CSharp.csproj", "{B21008E7-226C-4ABB-3CBB-E157A1399929}"
EndProject
Project("{FAE04EC0-301F-11D3-BF4B-00C04F79EFBC}") = "Vortal.CSharp.Editor", "Vortal.CSharp.Editor.csproj", "{D6EB947C-AEB5-FF0C-022A-944BDEA7A60C}"
EndProject
Global
	GlobalSection(SolutionConfigurationPlatforms) = preSolution
		Debug|Any CPU = Debug|Any CPU
		Release|Any CPU = Release|Any CPU
	EndGlobalSection
	GlobalSection(ProjectConfigurationPlatforms) = postSolution
		{68B86709-0BEF-A894-E2B5-6D3720F4798C}.Debug|Any CPU.ActiveCfg = Debug|Any CPU
		{68B86709-0BEF-A894-E2B5-6D3720F4798C}.Debug|Any CPU.Build.0 = Debug|Any CPU
		{68B86709-0BEF-A894-E2B5-6D3720F4798C}.Release|Any CPU.ActiveCfg = Release|Any CPU
		{68B86709-0BEF-A894-E2B5-6D3720F4798C}.Release|Any CPU.Build.0 = Release|Any CPU
		{B21008E7-226C-4ABB-3CBB-E157A1399929}.Debug|Any CPU.ActiveCfg = Debug|Any CPU
		{B21008E7-226C-4ABB-3CBB-E157A1399929}.Debug|Any CPU.Build.0 = Debug|Any CPU
		{B21008E7-226C-4ABB-3CBB-E157A1399929}.Release|Any CPU.ActiveCfg = Release|Any CPU
		{B21008E7-226C-4ABB-3CBB-E157A1399929}.Release|Any CPU.Build.0 = Release|Any CPU
		{D6EB947C-AEB5-FF0C-022A-944BDEA7A60C}.Debug|Any CPU.ActiveCfg = Debug|Any CPU
		{D6EB947C-AEB5-FF0C-022A-944BDEA7A60C}.Debug|Any CPU.Build.0 = Debug|Any CPU
		{D6EB947C-AEB5-FF0C-022A-944BDEA7A60C}.Release|Any CPU.ActiveCfg = Release|Any CPU
		{D6EB947C-AEB5-FF0C-022A-944BDEA7A60C}.Release|Any CPU.Build.0 = Release|Any CPU
	EndGlobalSection
	GlobalSection(SolutionProperties) = preSolution
		HideSolutionNode = FALSE
	EndGlobalSection
EndGlobal
